
Microsoft Visual Studio Solution File, Format Version 12.00
# Visual Studio Version 16
VisualStudioVersion = 16.0.810.0
MinimumVisualStudioVersion = 10.0.40219.1
Project("{FAE04EC0-301F-11D3-BF4B-00C04F79EFBC}") = "Lab1Demo", "Lab1Demo\Lab1Demo.csproj", "{A5AFDD67-8C5C-46FA-B6BE-452472F59799}"
EndProject
Global
	GlobalSection(SolutionConfigurationPlatforms) = preSolution
		Debug|Any CPU = Debug|Any CPU
		Release|Any CPU = Release|Any CPU
	EndGlobalSection
	GlobalSection(ProjectConfigurationPlatforms) = postSolution
		{A5AFDD67-8C5C-46FA-B6BE-452472F59799}.Debug|Any CPU.ActiveCfg = Debug|Any CPU
		{A5AFDD67-8C5C-46FA-B6BE-452472F59799}.Debug|Any CPU.Build.0 = Debug|Any CPU
		{A5AFDD67-8C5C-46FA-B6BE-452472F59799}.Release|Any CPU.ActiveCfg = Release|Any CPU
		{A5AFDD67-8C5C-46FA-B6BE-452472F59799}.Release|Any CPU.Build.0 = Release|Any CPU
	EndGlobalSection
	GlobalSection(SolutionProperties) = preSolution
		HideSolutionNode = FALSE
	EndGlobalSection
	GlobalSection(ExtensibilityGlobals) = postSolution
		SolutionGuid = {0AE8D710-A1E4-482B-AB1A-2D0238FC51F8}
	EndGlobalSection
EndGlobal
